// !$*UTF8*$!
{
	archiveVersion = 1;
	classes = {
	};
	objectVersion = 51;
	objects = {

/* Begin PBXBuildFile section */
		A901915723C052C700AB4010 /* ModelIssue.swift in Sources */ = {isa = PBXBuildFile; fileRef = A901915623C052C700AB4010 /* ModelIssue.swift */; };
		A901917B23C05C7B00AB4010 /* AlamofireCodableViewController.xib in Resources */ = {isa = PBXBuildFile; fileRef = A901917723C05C7B00AB4010 /* AlamofireCodableViewController.xib */; };
		A901917C23C05C7B00AB4010 /* AlamofireObjectMapperViewController.swift in Sources */ = {isa = PBXBuildFile; fileRef = A901917823C05C7B00AB4010 /* AlamofireObjectMapperViewController.swift */; };
		A901917D23C05C7B00AB4010 /* AlamofireCodableViewController.swift in Sources */ = {isa = PBXBuildFile; fileRef = A901917923C05C7B00AB4010 /* AlamofireCodableViewController.swift */; };
		A901917E23C05C7B00AB4010 /* AlamofireObjectMapperViewController.xib in Resources */ = {isa = PBXBuildFile; fileRef = A901917A23C05C7B00AB4010 /* AlamofireObjectMapperViewController.xib */; };
		A901918123C05C9300AB4010 /* LoginViewController.swift in Sources */ = {isa = PBXBuildFile; fileRef = A901917F23C05C9300AB4010 /* LoginViewController.swift */; };
		A901918223C05C9300AB4010 /* LoginViewController.xib in Resources */ = {isa = PBXBuildFile; fileRef = A901918023C05C9300AB4010 /* LoginViewController.xib */; };
		A9430B90239601C50008B23B /* MainViewController.xib in Resources */ = {isa = PBXBuildFile; fileRef = A9430B8C239601C50008B23B /* MainViewController.xib */; };
		A9430B91239601C50008B23B /* MainViewController.swift in Sources */ = {isa = PBXBuildFile; fileRef = A9430B8D239601C50008B23B /* MainViewController.swift */; };
		A9430B93239601C50008B23B /* Menu.swift in Sources */ = {isa = PBXBuildFile; fileRef = A9430B8F239601C50008B23B /* Menu.swift */; };
		A9430BA1239604970008B23B /* User.swift in Sources */ = {isa = PBXBuildFile; fileRef = A9430BA0239604970008B23B /* User.swift */; };
		A9430BA323961A470008B23B /* Person.swift in Sources */ = {isa = PBXBuildFile; fileRef = A9430BA223961A470008B23B /* Person.swift */; };
		A96A72512395FFE300629B30 /* AppDelegate.swift in Sources */ = {isa = PBXBuildFile; fileRef = A96A72502395FFE300629B30 /* AppDelegate.swift */; };
		A96A72532395FFE300629B30 /* SceneDelegate.swift in Sources */ = {isa = PBXBuildFile; fileRef = A96A72522395FFE300629B30 /* SceneDelegate.swift */; };
		A96A72552395FFE300629B30 /* ViewController.swift in Sources */ = {isa = PBXBuildFile; fileRef = A96A72542395FFE300629B30 /* ViewController.swift */; };
		A96A72582395FFE300629B30 /* Main.storyboard in Resources */ = {isa = PBXBuildFile; fileRef = A96A72562395FFE300629B30 /* Main.storyboard */; };
		A96A725A2395FFE400629B30 /* Assets.xcassets in Resources */ = {isa = PBXBuildFile; fileRef = A96A72592395FFE400629B30 /* Assets.xcassets */; };
		A96A725D2395FFE400629B30 /* LaunchScreen.storyboard in Resources */ = {isa = PBXBuildFile; fileRef = A96A725B2395FFE400629B30 /* LaunchScreen.storyboard */; };
		D72424284D54F0F95C2E5EB9 /* Pods_AlamofireTest.framework in Frameworks */ = {isa = PBXBuildFile; fileRef = B7DC764BC41D68229A61503A /* Pods_AlamofireTest.framework */; };
/* End PBXBuildFile section */

/* Begin PBXFileReference section */
		31B6BBC40353F4AEC3635665 /* Pods-AlamofireTest.debug.xcconfig */ = {isa = PBXFileReference; includeInIndex = 1; lastKnownFileType = text.xcconfig; name = "Pods-AlamofireTest.debug.xcconfig"; path = "Target Support Files/Pods-AlamofireTest/Pods-AlamofireTest.debug.xcconfig"; sourceTree = "<group>"; };
		959B41425B84C2A8079FD735 /* Pods-AlamofireTest.release.xcconfig */ = {isa = PBXFileReference; includeInIndex = 1; lastKnownFileType = text.xcconfig; name = "Pods-AlamofireTest.release.xcconfig"; path = "Target Support Files/Pods-AlamofireTest/Pods-AlamofireTest.release.xcconfig"; sourceTree = "<group>"; };
		A901915623C052C700AB4010 /* ModelIssue.swift */ = {isa = PBXFileReference; lastKnownFileType = sourcecode.swift; path = ModelIssue.swift; sourceTree = "<group>"; };
		A901917723C05C7B00AB4010 /* AlamofireCodableViewController.xib */ = {isa = PBXFileReference; fileEncoding = 4; lastKnownFileType = file.xib; path = AlamofireCodableViewController.xib; sourceTree = "<group>"; };
		A901917823C05C7B00AB4010 /* AlamofireObjectMapperViewController.swift */ = {isa = PBXFileReference; fileEncoding = 4; lastKnownFileType = sourcecode.swift; path = AlamofireObjectMapperViewController.swift; sourceTree = "<group>"; };
		A901917923C05C7B00AB4010 /* AlamofireCodableViewController.swift */ = {isa = PBXFileReference; fileEncoding = 4; lastKnownFileType = sourcecode.swift; path = AlamofireCodableViewController.swift; sourceTree = "<group>"; };
		A901917A23C05C7B00AB4010 /* AlamofireObjectMapperViewController.xib */ = {isa = PBXFileReference; fileEncoding = 4; lastKnownFileType = file.xib; path = AlamofireObjectMapperViewController.xib; sourceTree = "<group>"; };
		A901917F23C05C9300AB4010 /* LoginViewController.swift */ = {isa = PBXFileReference; lastKnownFileType = sourcecode.swift; path = LoginViewController.swift; sourceTree = "<group>"; };
		A901918023C05C9300AB4010 /* LoginViewController.xib */ = {isa = PBXFileReference; lastKnownFileType = file.xib; path = LoginViewController.xib; sourceTree = "<group>"; };
		A9430B8C239601C50008B23B /* MainViewController.xib */ = {isa = PBXFileReference; fileEncoding = 4; lastKnownFileType = file.xib; path = MainViewController.xib; sourceTree = "<group>"; };
		A9430B8D239601C50008B23B /* MainViewController.swift */ = {isa = PBXFileReference; fileEncoding = 4; lastKnownFileType = sourcecode.swift; path = MainViewController.swift; sourceTree = "<group>"; };
		A9430B8F239601C50008B23B /* Menu.swift */ = {isa = PBXFileReference; fileEncoding = 4; lastKnownFileType = sourcecode.swift; path = Menu.swift; sourceTree = "<group>"; };
		A9430BA0239604970008B23B /* User.swift */ = {isa = PBXFileReference; lastKnownFileType = sourcecode.swift; path = User.swift; sourceTree = "<group>"; };
		A9430BA223961A470008B23B /* Person.swift */ = {isa = PBXFileReference; lastKnownFileType = sourcecode.swift; path = Person.swift; sourceTree = "<group>"; };
		A96A724D2395FFE300629B30 /* AlamofireTest.app */ = {isa = PBXFileReference; explicitFileType = wrapper.application; includeInIndex = 0; path = AlamofireTest.app; sourceTree = BUILT_PRODUCTS_DIR; };
		A96A72502395FFE300629B30 /* AppDelegate.swift */ = {isa = PBXFileReference; lastKnownFileType = sourcecode.swift; path = AppDelegate.swift; sourceTree = "<group>"; };
		A96A72522395FFE300629B30 /* SceneDelegate.swift */ = {isa = PBXFileReference; lastKnownFileType = sourcecode.swift; path = SceneDelegate.swift; sourceTree = "<group>"; };
		A96A72542395FFE300629B30 /* ViewController.swift */ = {isa = PBXFileReference; lastKnownFileType = sourcecode.swift; path = ViewController.swift; sourceTree = "<group>"; };
		A96A72572395FFE300629B30 /* Base */ = {isa = PBXFileReference; lastKnownFileType = file.storyboard; name = Base; path = Base.lproj/Main.storyboard; sourceTree = "<group>"; };
		A96A72592395FFE400629B30 /* Assets.xcassets */ = {isa = PBXFileReference; lastKnownFileType = folder.assetcatalog; path = Assets.xcassets; sourceTree = "<group>"; };
		A96A725C2395FFE400629B30 /* Base */ = {isa = PBXFileReference; lastKnownFileType = file.storyboard; name = Base; path = Base.lproj/LaunchScreen.storyboard; sourceTree = "<group>"; };
		A96A725E2395FFE400629B30 /* Info.plist */ = {isa = PBXFileReference; lastKnownFileType = text.plist.xml; path = Info.plist; sourceTree = "<group>"; };
		B7DC764BC41D68229A61503A /* Pods_AlamofireTest.framework */ = {isa = PBXFileReference; explicitFileType = wrapper.framework; includeInIndex = 0; path = Pods_AlamofireTest.framework; sourceTree = BUILT_PRODUCTS_DIR; };
/* End PBXFileReference section */

/* Begin PBXFrameworksBuildPhase section */
		A96A724A2395FFE300629B30 /* Frameworks */ = {
			isa = PBXFrameworksBuildPhase;
			buildActionMask = 2147483647;
			files = (
				D72424284D54F0F95C2E5EB9 /* Pods_AlamofireTest.framework in Frameworks */,
			);
			runOnlyForDeploymentPostprocessing = 0;
		};
/* End PBXFrameworksBuildPhase section */

/* Begin PBXGroup section */
		46B77CD5228EACA19AFB23D6 /* Frameworks */ = {
			isa = PBXGroup;
			children = (
				B7DC764BC41D68229A61503A /* Pods_AlamofireTest.framework */,
			);
			name = Frameworks;
			sourceTree = "<group>";
		};
		A901917623C05C7B00AB4010 /* Screens */ = {
			isa = PBXGroup;
			children = (
				A901917723C05C7B00AB4010 /* AlamofireCodableViewController.xib */,
				A901917823C05C7B00AB4010 /* AlamofireObjectMapperViewController.swift */,
				A901917923C05C7B00AB4010 /* AlamofireCodableViewController.swift */,
				A901917A23C05C7B00AB4010 /* AlamofireObjectMapperViewController.xib */,
				A901917F23C05C9300AB4010 /* LoginViewController.swift */,
				A901918023C05C9300AB4010 /* LoginViewController.xib */,
			);
			path = Screens;
			sourceTree = "<group>";
		};
		A9430B8B239601C50008B23B /* Core */ = {
			isa = PBXGroup;
			children = (
				A9430B8C239601C50008B23B /* MainViewController.xib */,
				A9430B8D239601C50008B23B /* MainViewController.swift */,
				A96A72502395FFE300629B30 /* AppDelegate.swift */,
				A96A72522395FFE300629B30 /* SceneDelegate.swift */,
				A9430B8F239601C50008B23B /* Menu.swift */,
			);
			path = Core;
			sourceTree = "<group>";
		};
		A9430B9F239604850008B23B /* Model */ = {
			isa = PBXGroup;
			children = (
				A9430BA0239604970008B23B /* User.swift */,
				A9430BA223961A470008B23B /* Person.swift */,
				A901915623C052C700AB4010 /* ModelIssue.swift */,
			);
			path = Model;
			sourceTree = "<group>";
		};
		A96A72442395FFE300629B30 = {
			isa = PBXGroup;
			children = (
				A96A724F2395FFE300629B30 /* AlamofireTest */,
				A96A724E2395FFE300629B30 /* Products */,
				C57C02FF44E5DACE1C7E607B /* Pods */,
				46B77CD5228EACA19AFB23D6 /* Frameworks */,
			);
			sourceTree = "<group>";
		};
		A96A724E2395FFE300629B30 /* Products */ = {
			isa = PBXGroup;
			children = (
				A96A724D2395FFE300629B30 /* AlamofireTest.app */,
			);
			name = Products;
			sourceTree = "<group>";
		};
		A96A724F2395FFE300629B30 /* AlamofireTest */ = {
			isa = PBXGroup;
			children = (
				A901917623C05C7B00AB4010 /* Screens */,
				A9430B9F239604850008B23B /* Model */,
				A9430B8B239601C50008B23B /* Core */,
				A96A72542395FFE300629B30 /* ViewController.swift */,
				A96A72562395FFE300629B30 /* Main.storyboard */,
				A96A72592395FFE400629B30 /* Assets.xcassets */,
				A96A725B2395FFE400629B30 /* LaunchScreen.storyboard */,
				A96A725E2395FFE400629B30 /* Info.plist */,
			);
			path = AlamofireTest;
			sourceTree = "<group>";
		};
		C57C02FF44E5DACE1C7E607B /* Pods */ = {
			isa = PBXGroup;
			children = (
				31B6BBC40353F4AEC3635665 /* Pods-AlamofireTest.debug.xcconfig */,
				959B41425B84C2A8079FD735 /* Pods-AlamofireTest.release.xcconfig */,
			);
			path = Pods;
			sourceTree = "<group>";
		};
/* End PBXGroup section */

/* Begin PBXNativeTarget section */
		A96A724C2395FFE300629B30 /* AlamofireTest */ = {
			isa = PBXNativeTarget;
			buildConfigurationList = A96A72612395FFE400629B30 /* Build configuration list for PBXNativeTarget "AlamofireTest" */;
			buildPhases = (
				63302468AE48FCF94AAC5314 /* [CP] Check Pods Manifest.lock */,
				A96A72492395FFE300629B30 /* Sources */,
				A96A724A2395FFE300629B30 /* Frameworks */,
				A96A724B2395FFE300629B30 /* Resources */,
				0E94FF70B58B5D55FBBAC4BC /* [CP] Embed Pods Frameworks */,
			);
			buildRules = (
			);
			dependencies = (
			);
			name = AlamofireTest;
			productName = AlamofireTest;
			productReference = A96A724D2395FFE300629B30 /* AlamofireTest.app */;
			productType = "com.apple.product-type.application";
		};
/* End PBXNativeTarget section */

/* Begin PBXProject section */
		A96A72452395FFE300629B30 /* Project object */ = {
			isa = PBXProject;
			attributes = {
				LastSwiftUpdateCheck = 1120;
				LastUpgradeCheck = 1120;
				ORGANIZATIONNAME = Taof;
				TargetAttributes = {
					A96A724C2395FFE300629B30 = {
						CreatedOnToolsVersion = 11.2.1;
					};
				};
			};
			buildConfigurationList = A96A72482395FFE300629B30 /* Build configuration list for PBXProject "AlamofireTest" */;
			compatibilityVersion = "Xcode 9.3";
			developmentRegion = en;
			hasScannedForEncodings = 0;
			knownRegions = (
				en,
				Base,
			);
			mainGroup = A96A72442395FFE300629B30;
			productRefGroup = A96A724E2395FFE300629B30 /* Products */;
			projectDirPath = "";
			projectRoot = "";
			targets = (
				A96A724C2395FFE300629B30 /* AlamofireTest */,
			);
		};
/* End PBXProject section */

/* Begin PBXResourcesBuildPhase section */
		A96A724B2395FFE300629B30 /* Resources */ = {
			isa = PBXResourcesBuildPhase;
			buildActionMask = 2147483647;
			files = (
				A96A725D2395FFE400629B30 /* LaunchScreen.storyboard in Resources */,
				A901917B23C05C7B00AB4010 /* AlamofireCodableViewController.xib in Resources */,
				A96A725A2395FFE400629B30 /* Assets.xcassets in Resources */,
				A96A72582395FFE300629B30 /* Main.storyboard in Resources */,
				A9430B90239601C50008B23B /* MainViewController.xib in Resources */,
				A901918223C05C9300AB4010 /* LoginViewController.xib in Resources */,
				A901917E23C05C7B00AB4010 /* AlamofireObjectMapperViewController.xib in Resources */,
			);
			runOnlyForDeploymentPostprocessing = 0;
		};
/* End PBXResourcesBuildPhase section */

/* Begin PBXShellScriptBuildPhase section */
		0E94FF70B58B5D55FBBAC4BC /* [CP] Embed Pods Frameworks */ = {
			isa = PBXShellScriptBuildPhase;
			buildActionMask = 2147483647;
			files = (
			);
			inputFileListPaths = (
				"${PODS_ROOT}/Target Support Files/Pods-AlamofireTest/Pods-AlamofireTest-frameworks-${CONFIGURATION}-input-files.xcfilelist",
			);
			name = "[CP] Embed Pods Frameworks";
			outputFileListPaths = (
				"${PODS_ROOT}/Target Support Files/Pods-AlamofireTest/Pods-AlamofireTest-frameworks-${CONFIGURATION}-output-files.xcfilelist",
			);
			runOnlyForDeploymentPostprocessing = 0;
			shellPath = /bin/sh;
			shellScript = "\"${PODS_ROOT}/Target Support Files/Pods-AlamofireTest/Pods-AlamofireTest-frameworks.sh\"\n";
			showEnvVarsInLog = 0;
		};
		63302468AE48FCF94AAC5314 /* [CP] Check Pods Manifest.lock */ = {
			isa = PBXShellScriptBuildPhase;
			buildActionMask = 2147483647;
			files = (
			);
			inputFileListPaths = (
			);
			inputPaths = (
				"${PODS_PODFILE_DIR_PATH}/Podfile.lock",
				"${PODS_ROOT}/Manifest.lock",
			);
			name = "[CP] Check Pods Manifest.lock";
			outputFileListPaths = (
			);
			outputPaths = (
				"$(DERIVED_FILE_DIR)/Pods-AlamofireTest-checkManifestLockResult.txt",
			);
			runOnlyForDeploymentPostprocessing = 0;
			shellPath = /bin/sh;
			shellScript = "diff \"${PODS_PODFILE_DIR_PATH}/Podfile.lock\" \"${PODS_ROOT}/Manifest.lock\" > /dev/null\nif [ $? != 0 ] ; then\n    # print error to STDERR\n    echo \"error: The sandbox is not in sync with the Podfile.lock. Run 'pod install' or update your CocoaPods installation.\" >&2\n    exit 1\nfi\n# This output is used by Xcode 'outputs' to avoid re-running this script phase.\necho \"SUCCESS\" > \"${SCRIPT_OUTPUT_FILE_0}\"\n";
			showEnvVarsInLog = 0;
		};
/* End PBXShellScriptBuildPhase section */

/* Begin PBXSourcesBuildPhase section */
		A96A72492395FFE300629B30 /* Sources */ = {
			isa = PBXSourcesBuildPhase;
			buildActionMask = 2147483647;
			files = (
				A9430B93239601C50008B23B /* Menu.swift in Sources */,
				A96A72552395FFE300629B30 /* ViewController.swift in Sources */,
				A96A72512395FFE300629B30 /* AppDelegate.swift in Sources */,
				A9430BA1239604970008B23B /* User.swift in Sources */,
				A96A72532395FFE300629B30 /* SceneDelegate.swift in Sources */,
				A9430BA323961A470008B23B /* Person.swift in Sources */,
				A901917D23C05C7B00AB4010 /* AlamofireCodableViewController.swift in Sources */,
				A901917C23C05C7B00AB4010 /* AlamofireObjectMapperViewController.swift in Sources */,
				A901915723C052C700AB4010 /* ModelIssue.swift in Sources */,
				A9430B91239601C50008B23B /* MainViewController.swift in Sources */,
				A901918123C05C9300AB4010 /* LoginViewController.swift in Sources */,
			);
			runOnlyForDeploymentPostprocessing = 0;
		};
/* End PBXSourcesBuildPhase section */

/* Begin PBXVariantGroup section */
		A96A72562395FFE300629B30 /* Main.storyboard */ = {
			isa = PBXVariantGroup;
			children = (
				A96A72572395FFE300629B30 /* Base */,
			);
			name = Main.storyboard;
			sourceTree = "<group>";
		};
		A96A725B2395FFE400629B30 /* LaunchScreen.storyboard */ = {
			isa = PBXVariantGroup;
			children = (
				A96A725C2395FFE400629B30 /* Base */,
			);
			name = LaunchScreen.storyboard;
			sourceTree = "<group>";
		};
/* End PBXVariantGroup section */

/* Begin XCBuildConfiguration section */
		A96A725F2395FFE400629B30 /* Debug */ = {
			isa = XCBuildConfiguration;
			buildSettings = {
				ALWAYS_SEARCH_USER_PATHS = NO;
				CLANG_ANALYZER_NONNULL = YES;
				CLANG_ANALYZER_NUMBER_OBJECT_CONVERSION = YES_AGGRESSIVE;
				CLANG_CXX_LANGUAGE_STANDARD = "gnu++14";
				CLANG_CXX_LIBRARY = "libc++";
				CLANG_ENABLE_MODULES = YES;
				CLANG_ENABLE_OBJC_ARC = YES;
				CLANG_ENABLE_OBJC_WEAK = YES;
				CLANG_WARN_BLOCK_CAPTURE_AUTORELEASING = YES;
				CLANG_WARN_BOOL_CONVERSION = YES;
				CLANG_WARN_COMMA = YES;
				CLANG_WARN_CONSTANT_CONVERSION = YES;
				CLANG_WARN_DEPRECATED_OBJC_IMPLEMENTATIONS = YES;
				CLANG_WARN_DIRECT_OBJC_ISA_USAGE = YES_ERROR;
				CLANG_WARN_DOCUMENTATION_COMMENTS = YES;
				CLANG_WARN_EMPTY_BODY = YES;
				CLANG_WARN_ENUM_CONVERSION = YES;
				CLANG_WARN_INFINITE_RECURSION = YES;
				CLANG_WARN_INT_CONVERSION = YES;
				CLANG_WARN_NON_LITERAL_NULL_CONVERSION = YES;
				CLANG_WARN_OBJC_IMPLICIT_RETAIN_SELF = YES;
				CLANG_WARN_OBJC_LITERAL_CONVERSION = YES;
				CLANG_WARN_OBJC_ROOT_CLASS = YES_ERROR;
				CLANG_WARN_RANGE_LOOP_ANALYSIS = YES;
				CLANG_WARN_STRICT_PROTOTYPES = YES;
				CLANG_WARN_SUSPICIOUS_MOVE = YES;
				CLANG_WARN_UNGUARDED_AVAILABILITY = YES_AGGRESSIVE;
				CLANG_WARN_UNREACHABLE_CODE = YES;
				CLANG_WARN__DUPLICATE_METHOD_MATCH = YES;
				COPY_PHASE_STRIP = NO;
				DEBUG_INFORMATION_FORMAT = dwarf;
				ENABLE_STRICT_OBJC_MSGSEND = YES;
				ENABLE_TESTABILITY = YES;
				GCC_C_LANGUAGE_STANDARD = gnu11;
				GCC_DYNAMIC_NO_PIC = NO;
				GCC_NO_COMMON_BLOCKS = YES;
				GCC_OPTIMIZATION_LEVEL = 0;
				GCC_PREPROCESSOR_DEFINITIONS = (
					"DEBUG=1",
					"$(inherited)",
				);
				GCC_WARN_64_TO_32_BIT_CONVERSION = YES;
				GCC_WARN_ABOUT_RETURN_TYPE = YES_ERROR;
				GCC_WARN_UNDECLARED_SELECTOR = YES;
				GCC_WARN_UNINITIALIZED_AUTOS = YES_AGGRESSIVE;
				GCC_WARN_UNUSED_FUNCTION = YES;
				GCC_WARN_UNUSED_VARIABLE = YES;
				IPHONEOS_DEPLOYMENT_TARGET = 13.2;
				MTL_ENABLE_DEBUG_INFO = INCLUDE_SOURCE;
				MTL_FAST_MATH = YES;
				ONLY_ACTIVE_ARCH = YES;
				SDKROOT = iphoneos;
				SWIFT_ACTIVE_COMPILATION_CONDITIONS = DEBUG;
				SWIFT_OPTIMIZATION_LEVEL = "-Onone";
			};
			name = Debug;
		};
		A96A72602395FFE400629B30 /* Release */ = {
			isa = XCBuildConfiguration;
			buildSettings = {
				ALWAYS_SEARCH_USER_PATHS = NO;
				CLANG_ANALYZER_NONNULL = YES;
				CLANG_ANALYZER_NUMBER_OBJECT_CONVERSION = YES_AGGRESSIVE;
				CLANG_CXX_LANGUAGE_STANDARD = "gnu++14";
				CLANG_CXX_LIBRARY = "libc++";
				CLANG_ENABLE_MODULES = YES;
				CLANG_ENABLE_OBJC_ARC = YES;
				CLANG_ENABLE_OBJC_WEAK = YES;
				CLANG_WARN_BLOCK_CAPTURE_AUTORELEASING = YES;
				CLANG_WARN_BOOL_CONVERSION = YES;
				CLANG_WARN_COMMA = YES;
				CLANG_WARN_CONSTANT_CONVERSION = YES;
				CLANG_WARN_DEPRECATED_OBJC_IMPLEMENTATIONS = YES;
				CLANG_WARN_DIRECT_OBJC_ISA_USAGE = YES_ERROR;
				CLANG_WARN_DOCUMENTATION_COMMENTS = YES;
				CLANG_WARN_EMPTY_BODY = YES;
				CLANG_WARN_ENUM_CONVERSION = YES;
				CLANG_WARN_INFINITE_RECURSION = YES;
				CLANG_WARN_INT_CONVERSION = YES;
				CLANG_WARN_NON_LITERAL_NULL_CONVERSION = YES;
				CLANG_WARN_OBJC_IMPLICIT_RETAIN_SELF = YES;
				CLANG_WARN_OBJC_LITERAL_CONVERSION = YES;
				CLANG_WARN_OBJC_ROOT_CLASS = YES_ERROR;
				CLANG_WARN_RANGE_LOOP_ANALYSIS = YES;
				CLANG_WARN_STRICT_PROTOTYPES = YES;
				CLANG_WARN_SUSPICIOUS_MOVE = YES;
				CLANG_WARN_UNGUARDED_AVAILABILITY = YES_AGGRESSIVE;
				CLANG_WARN_UNREACHABLE_CODE = YES;
				CLANG_WARN__DUPLICATE_METHOD_MATCH = YES;
				COPY_PHASE_STRIP = NO;
				DEBUG_INFORMATION_FORMAT = "dwarf-with-dsym";
				ENABLE_NS_ASSERTIONS = NO;
				ENABLE_STRICT_OBJC_MSGSEND = YES;
				GCC_C_LANGUAGE_STANDARD = gnu11;
				GCC_NO_COMMON_BLOCKS = YES;
				GCC_WARN_64_TO_32_BIT_CONVERSION = YES;
				GCC_WARN_ABOUT_RETURN_TYPE = YES_ERROR;
				GCC_WARN_UNDECLARED_SELECTOR = YES;
				GCC_WARN_UNINITIALIZED_AUTOS = YES_AGGRESSIVE;
				GCC_WARN_UNUSED_FUNCTION = YES;
				GCC_WARN_UNUSED_VARIABLE = YES;
				IPHONEOS_DEPLOYMENT_TARGET = 13.2;
				MTL_ENABLE_DEBUG_INFO = NO;
				MTL_FAST_MATH = YES;
				SDKROOT = iphoneos;
				SWIFT_COMPILATION_MODE = wholemodule;
				SWIFT_OPTIMIZATION_LEVEL = "-O";
				VALIDATE_PRODUCT = YES;
			};
			name = Release;
		};
		A96A72622395FFE400629B30 /* Debug */ = {
			isa = XCBuildConfiguration;
			baseConfigurationReference = 31B6BBC40353F4AEC3635665 /* Pods-AlamofireTest.debug.xcconfig */;
			buildSettings = {
				ASSETCATALOG_COMPILER_APPICON_NAME = AppIcon;
				CODE_SIGN_STYLE = Automatic;
				INFOPLIST_FILE = AlamofireTest/Info.plist;
				LD_RUNPATH_SEARCH_PATHS = (
					"$(inherited)",
					"@executable_path/Frameworks",
				);
				PRODUCT_BUNDLE_IDENTIFIER = com.taoquynh.AlamofireTest;
				PRODUCT_NAME = "$(TARGET_NAME)";
				SWIFT_VERSION = 5.0;
				TARGETED_DEVICE_FAMILY = "1,2";
			};
			name = Debug;
		};
		A96A72632395FFE400629B30 /* Release */ = {
			isa = XCBuildConfiguration;
			baseConfigurationReference = 959B41425B84C2A8079FD735 /* Pods-AlamofireTest.release.xcconfig */;
			buildSettings = {
				ASSETCATALOG_COMPILER_APPICON_NAME = AppIcon;
				CODE_SIGN_STYLE = Automatic;
				INFOPLIST_FILE = AlamofireTest/Info.plist;
				LD_RUNPATH_SEARCH_PATHS = (
					"$(inherited)",
					"@executable_path/Frameworks",
				);
				PRODUCT_BUNDLE_IDENTIFIER = com.taoquynh.AlamofireTest;
				PRODUCT_NAME = "$(TARGET_NAME)";
				SWIFT_VERSION = 5.0;
				TARGETED_DEVICE_FAMILY = "1,2";
			};
			name = Release;
		};
/* End XCBuildConfiguration section */

/* Begin XCConfigurationList section */
		A96A72482395FFE300629B30 /* Build configuration list for PBXProject "AlamofireTest" */ = {
			isa = XCConfigurationList;
			buildConfigurations = (
				A96A725F2395FFE400629B30 /* Debug */,
				A96A72602395FFE400629B30 /* Release */,
			);
			defaultConfigurationIsVisible = 0;
			defaultConfigurationName = Release;
		};
		A96A72612395FFE400629B30 /* Build configuration list for PBXNativeTarget "AlamofireTest" */ = {
			isa = XCConfigurationList;
			buildConfigurations = (
				A96A72622395FFE400629B30 /* Debug */,
				A96A72632395FFE400629B30 /* Release */,
			);
			defaultConfigurationIsVisible = 0;
			defaultConfigurationName = Release;
		};
/* End XCConfigurationList section */
	};
	rootObject = A96A72452395FFE300629B30 /* Project object */;
}
