// !$*UTF8*$!
{
	archiveVersion = 1;
	classes = {
	};
	objectVersion = 50;
	objects = {

/* Begin PBXBuildFile section */
		A93DB6DD224DB6A600F9B464 /* AppDelegate.swift in Sources */ = {isa = PBXBuildFile; fileRef = A93DB6DC224DB6A600F9B464 /* AppDelegate.swift */; };
		A93DB6DF224DB6A600F9B464 /* ViewController.swift in Sources */ = {isa = PBXBuildFile; fileRef = A93DB6DE224DB6A600F9B464 /* ViewController.swift */; };
		A93DB6E2224DB6A600F9B464 /* Main.storyboard in Resources */ = {isa = PBXBuildFile; fileRef = A93DB6E0224DB6A600F9B464 /* Main.storyboard */; };
		A93DB6E4224DB6A800F9B464 /* Assets.xcassets in Resources */ = {isa = PBXBuildFile; fileRef = A93DB6E3224DB6A800F9B464 /* Assets.xcassets */; };
		A93DB6E7224DB6A800F9B464 /* LaunchScreen.storyboard in Resources */ = {isa = PBXBuildFile; fileRef = A93DB6E5224DB6A800F9B464 /* LaunchScreen.storyboard */; };
		A93DB6EF224DB8FB00F9B464 /* SecondViewController.swift in Sources */ = {isa = PBXBuildFile; fileRef = A93DB6EE224DB8FB00F9B464 /* SecondViewController.swift */; };
		A93DB6F1224DBADC00F9B464 /* CircularTransition.swift in Sources */ = {isa = PBXBuildFile; fileRef = A93DB6F0224DBADC00F9B464 /* CircularTransition.swift */; };
/* End PBXBuildFile section */

/* Begin PBXFileReference section */
		A93DB6D9224DB6A600F9B464 /* CircularTransition.app */ = {isa = PBXFileReference; explicitFileType = wrapper.application; includeInIndex = 0; path = CircularTransition.app; sourceTree = BUILT_PRODUCTS_DIR; };
		A93DB6DC224DB6A600F9B464 /* AppDelegate.swift */ = {isa = PBXFileReference; lastKnownFileType = sourcecode.swift; path = AppDelegate.swift; sourceTree = "<group>"; };
		A93DB6DE224DB6A600F9B464 /* ViewController.swift */ = {isa = PBXFileReference; lastKnownFileType = sourcecode.swift; path = ViewController.swift; sourceTree = "<group>"; };
		A93DB6E1224DB6A600F9B464 /* Base */ = {isa = PBXFileReference; lastKnownFileType = file.storyboard; name = Base; path = Base.lproj/Main.storyboard; sourceTree = "<group>"; };
		A93DB6E3224DB6A800F9B464 /* Assets.xcassets */ = {isa = PBXFileReference; lastKnownFileType = folder.assetcatalog; path = Assets.xcassets; sourceTree = "<group>"; };
		A93DB6E6224DB6A800F9B464 /* Base */ = {isa = PBXFileReference; lastKnownFileType = file.storyboard; name = Base; path = Base.lproj/LaunchScreen.storyboard; sourceTree = "<group>"; };
		A93DB6E8224DB6A800F9B464 /* Info.plist */ = {isa = PBXFileReference; lastKnownFileType = text.plist.xml; path = Info.plist; sourceTree = "<group>"; };
		A93DB6EE224DB8FB00F9B464 /* SecondViewController.swift */ = {isa = PBXFileReference; lastKnownFileType = sourcecode.swift; path = SecondViewController.swift; sourceTree = "<group>"; };
		A93DB6F0224DBADC00F9B464 /* CircularTransition.swift */ = {isa = PBXFileReference; lastKnownFileType = sourcecode.swift; path = CircularTransition.swift; sourceTree = "<group>"; };
/* End PBXFileReference section */

/* Begin PBXFrameworksBuildPhase section */
		A93DB6D6224DB6A600F9B464 /* Frameworks */ = {
			isa = PBXFrameworksBuildPhase;
			buildActionMask = 2147483647;
			files = (
			);
			runOnlyForDeploymentPostprocessing = 0;
		};
/* End PBXFrameworksBuildPhase section */

/* Begin PBXGroup section */
		A93DB6D0224DB6A600F9B464 = {
			isa = PBXGroup;
			children = (
				A93DB6DB224DB6A600F9B464 /* CircularTransition */,
				A93DB6DA224DB6A600F9B464 /* Products */,
			);
			sourceTree = "<group>";
		};
		A93DB6DA224DB6A600F9B464 /* Products */ = {
			isa = PBXGroup;
			children = (
				A93DB6D9224DB6A600F9B464 /* CircularTransition.app */,
			);
			name = Products;
			sourceTree = "<group>";
		};
		A93DB6DB224DB6A600F9B464 /* CircularTransition */ = {
			isa = PBXGroup;
			children = (
				A93DB6DC224DB6A600F9B464 /* AppDelegate.swift */,
				A93DB6DE224DB6A600F9B464 /* ViewController.swift */,
				A93DB6E0224DB6A600F9B464 /* Main.storyboard */,
				A93DB6E3224DB6A800F9B464 /* Assets.xcassets */,
				A93DB6E5224DB6A800F9B464 /* LaunchScreen.storyboard */,
				A93DB6E8224DB6A800F9B464 /* Info.plist */,
				A93DB6EE224DB8FB00F9B464 /* SecondViewController.swift */,
				A93DB6F0224DBADC00F9B464 /* CircularTransition.swift */,
			);
			path = CircularTransition;
			sourceTree = "<group>";
		};
/* End PBXGroup section */

/* Begin PBXNativeTarget section */
		A93DB6D8224DB6A600F9B464 /* CircularTransition */ = {
			isa = PBXNativeTarget;
			buildConfigurationList = A93DB6EB224DB6A800F9B464 /* Build configuration list for PBXNativeTarget "CircularTransition" */;
			buildPhases = (
				A93DB6D5224DB6A600F9B464 /* Sources */,
				A93DB6D6224DB6A600F9B464 /* Frameworks */,
				A93DB6D7224DB6A600F9B464 /* Resources */,
			);
			buildRules = (
			);
			dependencies = (
			);
			name = CircularTransition;
			productName = CircularTransition;
			productReference = A93DB6D9224DB6A600F9B464 /* CircularTransition.app */;
			productType = "com.apple.product-type.application";
		};
/* End PBXNativeTarget section */

/* Begin PBXProject section */
		A93DB6D1224DB6A600F9B464 /* Project object */ = {
			isa = PBXProject;
			attributes = {
				LastSwiftUpdateCheck = 1010;
				LastUpgradeCheck = 1010;
				ORGANIZATIONNAME = Taof;
				TargetAttributes = {
					A93DB6D8224DB6A600F9B464 = {
						CreatedOnToolsVersion = 10.1;
					};
				};
			};
			buildConfigurationList = A93DB6D4224DB6A600F9B464 /* Build configuration list for PBXProject "CircularTransition" */;
			compatibilityVersion = "Xcode 9.3";
			developmentRegion = en;
			hasScannedForEncodings = 0;
			knownRegions = (
				en,
				Base,
			);
			mainGroup = A93DB6D0224DB6A600F9B464;
			productRefGroup = A93DB6DA224DB6A600F9B464 /* Products */;
			projectDirPath = "";
			projectRoot = "";
			targets = (
				A93DB6D8224DB6A600F9B464 /* CircularTransition */,
			);
		};
/* End PBXProject section */

/* Begin PBXResourcesBuildPhase section */
		A93DB6D7224DB6A600F9B464 /* Resources */ = {
			isa = PBXResourcesBuildPhase;
			buildActionMask = 2147483647;
			files = (
				A93DB6E7224DB6A800F9B464 /* LaunchScreen.storyboard in Resources */,
				A93DB6E4224DB6A800F9B464 /* Assets.xcassets in Resources */,
				A93DB6E2224DB6A600F9B464 /* Main.storyboard in Resources */,
			);
			runOnlyForDeploymentPostprocessing = 0;
		};
/* End PBXResourcesBuildPhase section */

/* Begin PBXSourcesBuildPhase section */
		A93DB6D5224DB6A600F9B464 /* Sources */ = {
			isa = PBXSourcesBuildPhase;
			buildActionMask = 2147483647;
			files = (
				A93DB6EF224DB8FB00F9B464 /* SecondViewController.swift in Sources */,
				A93DB6DF224DB6A600F9B464 /* ViewController.swift in Sources */,
				A93DB6DD224DB6A600F9B464 /* AppDelegate.swift in Sources */,
				A93DB6F1224DBADC00F9B464 /* CircularTransition.swift in Sources */,
			);
			runOnlyForDeploymentPostprocessing = 0;
		};
/* End PBXSourcesBuildPhase section */

/* Begin PBXVariantGroup section */
		A93DB6E0224DB6A600F9B464 /* Main.storyboard */ = {
			isa = PBXVariantGroup;
			children = (
				A93DB6E1224DB6A600F9B464 /* Base */,
			);
			name = Main.storyboard;
			sourceTree = "<group>";
		};
		A93DB6E5224DB6A800F9B464 /* LaunchScreen.storyboard */ = {
			isa = PBXVariantGroup;
			children = (
				A93DB6E6224DB6A800F9B464 /* Base */,
			);
			name = LaunchScreen.storyboard;
			sourceTree = "<group>";
		};
/* End PBXVariantGroup section */

/* Begin XCBuildConfiguration section */
		A93DB6E9224DB6A800F9B464 /* Debug */ = {
			isa = XCBuildConfiguration;
			buildSettings = {
				ALWAYS_SEARCH_USER_PATHS = NO;
				CLANG_ANALYZER_NONNULL = YES;
				CLANG_ANALYZER_NUMBER_OBJECT_CONVERSION = YES_AGGRESSIVE;
				CLANG_CXX_LANGUAGE_STANDARD = "gnu++14";
				CLANG_CXX_LIBRARY = "libc++";
				CLANG_ENABLE_MODULES = YES;
				CLANG_ENABLE_OBJC_ARC = YES;
				CLANG_ENABLE_OBJC_WEAK = YES;
				CLANG_WARN_BLOCK_CAPTURE_AUTORELEASING = YES;
				CLANG_WARN_BOOL_CONVERSION = YES;
				CLANG_WARN_COMMA = YES;
				CLANG_WARN_CONSTANT_CONVERSION = YES;
				CLANG_WARN_DEPRECATED_OBJC_IMPLEMENTATIONS = YES;
				CLANG_WARN_DIRECT_OBJC_ISA_USAGE = YES_ERROR;
				CLANG_WARN_DOCUMENTATION_COMMENTS = YES;
				CLANG_WARN_EMPTY_BODY = YES;
				CLANG_WARN_ENUM_CONVERSION = YES;
				CLANG_WARN_INFINITE_RECURSION = YES;
				CLANG_WARN_INT_CONVERSION = YES;
				CLANG_WARN_NON_LITERAL_NULL_CONVERSION = YES;
				CLANG_WARN_OBJC_IMPLICIT_RETAIN_SELF = YES;
				CLANG_WARN_OBJC_LITERAL_CONVERSION = YES;
				CLANG_WARN_OBJC_ROOT_CLASS = YES_ERROR;
				CLANG_WARN_RANGE_LOOP_ANALYSIS = YES;
				CLANG_WARN_STRICT_PROTOTYPES = YES;
				CLANG_WARN_SUSPICIOUS_MOVE = YES;
				CLANG_WARN_UNGUARDED_AVAILABILITY = YES_AGGRESSIVE;
				CLANG_WARN_UNREACHABLE_CODE = YES;
				CLANG_WARN__DUPLICATE_METHOD_MATCH = YES;
				CODE_SIGN_IDENTITY = "iPhone Developer";
				COPY_PHASE_STRIP = NO;
				DEBUG_INFORMATION_FORMAT = dwarf;
				ENABLE_STRICT_OBJC_MSGSEND = YES;
				ENABLE_TESTABILITY = YES;
				GCC_C_LANGUAGE_STANDARD = gnu11;
				GCC_DYNAMIC_NO_PIC = NO;
				GCC_NO_COMMON_BLOCKS = YES;
				GCC_OPTIMIZATION_LEVEL = 0;
				GCC_PREPROCESSOR_DEFINITIONS = (
					"DEBUG=1",
					"$(inherited)",
				);
				GCC_WARN_64_TO_32_BIT_CONVERSION = YES;
				GCC_WARN_ABOUT_RETURN_TYPE = YES_ERROR;
				GCC_WARN_UNDECLARED_SELECTOR = YES;
				GCC_WARN_UNINITIALIZED_AUTOS = YES_AGGRESSIVE;
				GCC_WARN_UNUSED_FUNCTION = YES;
				GCC_WARN_UNUSED_VARIABLE = YES;
				IPHONEOS_DEPLOYMENT_TARGET = 12.1;
				MTL_ENABLE_DEBUG_INFO = INCLUDE_SOURCE;
				MTL_FAST_MATH = YES;
				ONLY_ACTIVE_ARCH = YES;
				SDKROOT = iphoneos;
				SWIFT_ACTIVE_COMPILATION_CONDITIONS = DEBUG;
				SWIFT_OPTIMIZATION_LEVEL = "-Onone";
			};
			name = Debug;
		};
		A93DB6EA224DB6A800F9B464 /* Release */ = {
			isa = XCBuildConfiguration;
			buildSettings = {
				ALWAYS_SEARCH_USER_PATHS = NO;
				CLANG_ANALYZER_NONNULL = YES;
				CLANG_ANALYZER_NUMBER_OBJECT_CONVERSION = YES_AGGRESSIVE;
				CLANG_CXX_LANGUAGE_STANDARD = "gnu++14";
				CLANG_CXX_LIBRARY = "libc++";
				CLANG_ENABLE_MODULES = YES;
				CLANG_ENABLE_OBJC_ARC = YES;
				CLANG_ENABLE_OBJC_WEAK = YES;
				CLANG_WARN_BLOCK_CAPTURE_AUTORELEASING = YES;
				CLANG_WARN_BOOL_CONVERSION = YES;
				CLANG_WARN_COMMA = YES;
				CLANG_WARN_CONSTANT_CONVERSION = YES;
				CLANG_WARN_DEPRECATED_OBJC_IMPLEMENTATIONS = YES;
				CLANG_WARN_DIRECT_OBJC_ISA_USAGE = YES_ERROR;
				CLANG_WARN_DOCUMENTATION_COMMENTS = YES;
				CLANG_WARN_EMPTY_BODY = YES;
				CLANG_WARN_ENUM_CONVERSION = YES;
				CLANG_WARN_INFINITE_RECURSION = YES;
				CLANG_WARN_INT_CONVERSION = YES;
				CLANG_WARN_NON_LITERAL_NULL_CONVERSION = YES;
				CLANG_WARN_OBJC_IMPLICIT_RETAIN_SELF = YES;
				CLANG_WARN_OBJC_LITERAL_CONVERSION = YES;
				CLANG_WARN_OBJC_ROOT_CLASS = YES_ERROR;
				CLANG_WARN_RANGE_LOOP_ANALYSIS = YES;
				CLANG_WARN_STRICT_PROTOTYPES = YES;
				CLANG_WARN_SUSPICIOUS_MOVE = YES;
				CLANG_WARN_UNGUARDED_AVAILABILITY = YES_AGGRESSIVE;
				CLANG_WARN_UNREACHABLE_CODE = YES;
				CLANG_WARN__DUPLICATE_METHOD_MATCH = YES;
				CODE_SIGN_IDENTITY = "iPhone Developer";
				COPY_PHASE_STRIP = NO;
				DEBUG_INFORMATION_FORMAT = "dwarf-with-dsym";
				ENABLE_NS_ASSERTIONS = NO;
				ENABLE_STRICT_OBJC_MSGSEND = YES;
				GCC_C_LANGUAGE_STANDARD = gnu11;
				GCC_NO_COMMON_BLOCKS = YES;
				GCC_WARN_64_TO_32_BIT_CONVERSION = YES;
				GCC_WARN_ABOUT_RETURN_TYPE = YES_ERROR;
				GCC_WARN_UNDECLARED_SELECTOR = YES;
				GCC_WARN_UNINITIALIZED_AUTOS = YES_AGGRESSIVE;
				GCC_WARN_UNUSED_FUNCTION = YES;
				GCC_WARN_UNUSED_VARIABLE = YES;
				IPHONEOS_DEPLOYMENT_TARGET = 12.1;
				MTL_ENABLE_DEBUG_INFO = NO;
				MTL_FAST_MATH = YES;
				SDKROOT = iphoneos;
				SWIFT_COMPILATION_MODE = wholemodule;
				SWIFT_OPTIMIZATION_LEVEL = "-O";
				VALIDATE_PRODUCT = YES;
			};
			name = Release;
		};
		A93DB6EC224DB6A800F9B464 /* Debug */ = {
			isa = XCBuildConfiguration;
			buildSettings = {
				ASSETCATALOG_COMPILER_APPICON_NAME = AppIcon;
				CODE_SIGN_STYLE = Automatic;
				INFOPLIST_FILE = CircularTransition/Info.plist;
				LD_RUNPATH_SEARCH_PATHS = (
					"$(inherited)",
					"@executable_path/Frameworks",
				);
				PRODUCT_BUNDLE_IDENTIFIER = taoquynh.CircularTransition;
				PRODUCT_NAME = "$(TARGET_NAME)";
				SWIFT_VERSION = 4.2;
				TARGETED_DEVICE_FAMILY = "1,2";
			};
			name = Debug;
		};
		A93DB6ED224DB6A800F9B464 /* Release */ = {
			isa = XCBuildConfiguration;
			buildSettings = {
				ASSETCATALOG_COMPILER_APPICON_NAME = AppIcon;
				CODE_SIGN_STYLE = Automatic;
				INFOPLIST_FILE = CircularTransition/Info.plist;
				LD_RUNPATH_SEARCH_PATHS = (
					"$(inherited)",
					"@executable_path/Frameworks",
				);
				PRODUCT_BUNDLE_IDENTIFIER = taoquynh.CircularTransition;
				PRODUCT_NAME = "$(TARGET_NAME)";
				SWIFT_VERSION = 4.2;
				TARGETED_DEVICE_FAMILY = "1,2";
			};
			name = Release;
		};
/* End XCBuildConfiguration section */

/* Begin XCConfigurationList section */
		A93DB6D4224DB6A600F9B464 /* Build configuration list for PBXProject "CircularTransition" */ = {
			isa = XCConfigurationList;
			buildConfigurations = (
				A93DB6E9224DB6A800F9B464 /* Debug */,
				A93DB6EA224DB6A800F9B464 /* Release */,
			);
			defaultConfigurationIsVisible = 0;
			defaultConfigurationName = Release;
		};
		A93DB6EB224DB6A800F9B464 /* Build configuration list for PBXNativeTarget "CircularTransition" */ = {
			isa = XCConfigurationList;
			buildConfigurations = (
				A93DB6EC224DB6A800F9B464 /* Debug */,
				A93DB6ED224DB6A800F9B464 /* Release */,
			);
			defaultConfigurationIsVisible = 0;
			defaultConfigurationName = Release;
		};
/* End XCConfigurationList section */
	};
	rootObject = A93DB6D1224DB6A600F9B464 /* Project object */;
}
